
Microsoft Visual Studio Solution File, Format Version 12.00
# Visual Studio Version 17
VisualStudioVersion = 17.7.34003.232
MinimumVisualStudioVersion = 10.0.40219.1
Project("{9A19103F-16F7-4668-BE54-9A1E7A4F7556}") = "books", "books\books.csproj", "{1F137944-6189-4DFA-A1DC-1152B8043DE9}"
EndProject
Project("{FAE04EC0-301F-11D3-BF4B-00C04F79EFBC}") = "BooksTest", "BooksTest\BooksTest.csproj", "{4D3468C6-360C-4FAF-931A-833CC7A26624}"
EndProject
Global
	GlobalSection(SolutionConfigurationPlatforms) = preSolution
		Debug|Any CPU = Debug|Any CPU
		Release|Any CPU = Release|Any CPU
	EndGlobalSection
	GlobalSection(ProjectConfigurationPlatforms) = postSolution
		{1F137944-6189-4DFA-A1DC-1152B8043DE9}.Debug|Any CPU.ActiveCfg = Debug|Any CPU
		{1F137944-6189-4DFA-A1DC-1152B8043DE9}.Debug|Any CPU.Build.0 = Debug|Any CPU
		{1F137944-6189-4DFA-A1DC-1152B8043DE9}.Release|Any CPU.ActiveCfg = Release|Any CPU
		{1F137944-6189-4DFA-A1DC-1152B8043DE9}.Release|Any CPU.Build.0 = Release|Any CPU
		{4D3468C6-360C-4FAF-931A-833CC7A26624}.Debug|Any CPU.ActiveCfg = Debug|Any CPU
		{4D3468C6-360C-4FAF-931A-833CC7A26624}.Debug|Any CPU.Build.0 = Debug|Any CPU
		{4D3468C6-360C-4FAF-931A-833CC7A26624}.Release|Any CPU.ActiveCfg = Release|Any CPU
		{4D3468C6-360C-4FAF-931A-833CC7A26624}.Release|Any CPU.Build.0 = Release|Any CPU
	EndGlobalSection
	GlobalSection(SolutionProperties) = preSolution
		HideSolutionNode = FALSE
	EndGlobalSection
	GlobalSection(ExtensibilityGlobals) = postSolution
		SolutionGuid = {89282FBE-7E58-4685-B248-3A1448FB6445}
	EndGlobalSection
EndGlobal
